// !$*UTF8*$!
{
	archiveVersion = 1;
	classes = {
	};
	objectVersion = 46;
	objects = {

/* Begin PBXBuildFile section */
		DA1B33131C7E6C4A0013237B /* Author+CoreDataProperties.swift in Sources */ = {isa = PBXBuildFile; fileRef = DA1B33111C7E6C4A0013237B /* Author+CoreDataProperties.swift */; };
		DA1B33141C7E6C4A0013237B /* Author.swift in Sources */ = {isa = PBXBuildFile; fileRef = DA1B33121C7E6C4A0013237B /* Author.swift */; };
		DA47F7561C765599008B274F /* AppDelegate.swift in Sources */ = {isa = PBXBuildFile; fileRef = DA47F7551C765599008B274F /* AppDelegate.swift */; };
		DA47F7581C765599008B274F /* MasterViewController.swift in Sources */ = {isa = PBXBuildFile; fileRef = DA47F7571C765599008B274F /* MasterViewController.swift */; };
		DA47F75A1C765599008B274F /* DetailViewController.swift in Sources */ = {isa = PBXBuildFile; fileRef = DA47F7591C765599008B274F /* DetailViewController.swift */; };
		DA47F75D1C765599008B274F /* Main.storyboard in Resources */ = {isa = PBXBuildFile; fileRef = DA47F75B1C765599008B274F /* Main.storyboard */; };
		DA47F75F1C765599008B274F /* Assets.xcassets in Resources */ = {isa = PBXBuildFile; fileRef = DA47F75E1C765599008B274F /* Assets.xcassets */; };
		DA47F7621C765599008B274F /* LaunchScreen.storyboard in Resources */ = {isa = PBXBuildFile; fileRef = DA47F7601C765599008B274F /* LaunchScreen.storyboard */; };
		DA47F76A1C765648008B274F /* SwiftyJSON.swift in Sources */ = {isa = PBXBuildFile; fileRef = DA47F7691C765648008B274F /* SwiftyJSON.swift */; };
		DA47F78E1C767492008B274F /* CData.xcdatamodeld in Sources */ = {isa = PBXBuildFile; fileRef = DA47F78C1C767492008B274F /* CData.xcdatamodeld */; };
		DAAAF1D51C77C3E400EC98CF /* Commit+CoreDataProperties.swift in Sources */ = {isa = PBXBuildFile; fileRef = DAAAF1D31C77C3E400EC98CF /* Commit+CoreDataProperties.swift */; };
		DAAAF1D61C77C3E400EC98CF /* Commit.swift in Sources */ = {isa = PBXBuildFile; fileRef = DAAAF1D41C77C3E400EC98CF /* Commit.swift */; };
/* End PBXBuildFile section */

/* Begin PBXFileReference section */
		DA1B33111C7E6C4A0013237B /* Author+CoreDataProperties.swift */ = {isa = PBXFileReference; fileEncoding = 4; lastKnownFileType = sourcecode.swift; path = "Author+CoreDataProperties.swift"; sourceTree = "<group>"; };
		DA1B33121C7E6C4A0013237B /* Author.swift */ = {isa = PBXFileReference; fileEncoding = 4; lastKnownFileType = sourcecode.swift; path = Author.swift; sourceTree = "<group>"; };
		DA47F7521C765599008B274F /* CData.app */ = {isa = PBXFileReference; explicitFileType = wrapper.application; includeInIndex = 0; path = CData.app; sourceTree = BUILT_PRODUCTS_DIR; };
		DA47F7551C765599008B274F /* AppDelegate.swift */ = {isa = PBXFileReference; lastKnownFileType = sourcecode.swift; path = AppDelegate.swift; sourceTree = "<group>"; };
		DA47F7571C765599008B274F /* MasterViewController.swift */ = {isa = PBXFileReference; lastKnownFileType = sourcecode.swift; path = MasterViewController.swift; sourceTree = "<group>"; };
		DA47F7591C765599008B274F /* DetailViewController.swift */ = {isa = PBXFileReference; lastKnownFileType = sourcecode.swift; path = DetailViewController.swift; sourceTree = "<group>"; };
		DA47F75C1C765599008B274F /* Base */ = {isa = PBXFileReference; lastKnownFileType = file.storyboard; name = Base; path = Base.lproj/Main.storyboard; sourceTree = "<group>"; };
		DA47F75E1C765599008B274F /* Assets.xcassets */ = {isa = PBXFileReference; lastKnownFileType = folder.assetcatalog; path = Assets.xcassets; sourceTree = "<group>"; };
		DA47F7611C765599008B274F /* Base */ = {isa = PBXFileReference; lastKnownFileType = file.storyboard; name = Base; path = Base.lproj/LaunchScreen.storyboard; sourceTree = "<group>"; };
		DA47F7631C765599008B274F /* Info.plist */ = {isa = PBXFileReference; lastKnownFileType = text.plist.xml; path = Info.plist; sourceTree = "<group>"; };
		DA47F7691C765648008B274F /* SwiftyJSON.swift */ = {isa = PBXFileReference; fileEncoding = 4; lastKnownFileType = sourcecode.swift; path = SwiftyJSON.swift; sourceTree = "<group>"; };
		DA47F78D1C767492008B274F /* CData.xcdatamodel */ = {isa = PBXFileReference; lastKnownFileType = wrapper.xcdatamodel; path = CData.xcdatamodel; sourceTree = "<group>"; };
		DAAAF1D31C77C3E400EC98CF /* Commit+CoreDataProperties.swift */ = {isa = PBXFileReference; fileEncoding = 4; lastKnownFileType = sourcecode.swift; path = "Commit+CoreDataProperties.swift"; sourceTree = "<group>"; };
		DAAAF1D41C77C3E400EC98CF /* Commit.swift */ = {isa = PBXFileReference; fileEncoding = 4; lastKnownFileType = sourcecode.swift; path = Commit.swift; sourceTree = "<group>"; };
/* End PBXFileReference section */

/* Begin PBXFrameworksBuildPhase section */
		DA47F74F1C765598008B274F /* Frameworks */ = {
			isa = PBXFrameworksBuildPhase;
			buildActionMask = 2147483647;
			files = (
			);
			runOnlyForDeploymentPostprocessing = 0;
		};
/* End PBXFrameworksBuildPhase section */

/* Begin PBXGroup section */
		DA1B33151C7E6C7F0013237B /* CoreData */ = {
			isa = PBXGroup;
			children = (
				DA1B33121C7E6C4A0013237B /* Author.swift */,
				DA1B33111C7E6C4A0013237B /* Author+CoreDataProperties.swift */,
				DAAAF1D41C77C3E400EC98CF /* Commit.swift */,
				DAAAF1D31C77C3E400EC98CF /* Commit+CoreDataProperties.swift */,
				DA47F78C1C767492008B274F /* CData.xcdatamodeld */,
			);
			name = CoreData;
			sourceTree = "<group>";
		};
		DA47F7491C765598008B274F = {
			isa = PBXGroup;
			children = (
				DA47F7541C765599008B274F /* CData */,
				DA47F7531C765599008B274F /* Products */,
			);
			sourceTree = "<group>";
		};
		DA47F7531C765599008B274F /* Products */ = {
			isa = PBXGroup;
			children = (
				DA47F7521C765599008B274F /* CData.app */,
			);
			name = Products;
			sourceTree = "<group>";
		};
		DA47F7541C765599008B274F /* CData */ = {
			isa = PBXGroup;
			children = (
				DA1B33151C7E6C7F0013237B /* CoreData */,
				DA47F7551C765599008B274F /* AppDelegate.swift */,
				DA47F7571C765599008B274F /* MasterViewController.swift */,
				DA47F7591C765599008B274F /* DetailViewController.swift */,
				DA47F75B1C765599008B274F /* Main.storyboard */,
				DA47F75E1C765599008B274F /* Assets.xcassets */,
				DA47F7601C765599008B274F /* LaunchScreen.storyboard */,
				DA47F7631C765599008B274F /* Info.plist */,
				DA47F7691C765648008B274F /* SwiftyJSON.swift */,
			);
			path = CData;
			sourceTree = "<group>";
		};
/* End PBXGroup section */

/* Begin PBXNativeTarget section */
		DA47F7511C765598008B274F /* CData */ = {
			isa = PBXNativeTarget;
			buildConfigurationList = DA47F7661C765599008B274F /* Build configuration list for PBXNativeTarget "CData" */;
			buildPhases = (
				DA47F74E1C765598008B274F /* Sources */,
				DA47F74F1C765598008B274F /* Frameworks */,
				DA47F7501C765598008B274F /* Resources */,
			);
			buildRules = (
			);
			dependencies = (
			);
			name = CData;
			productName = CData;
			productReference = DA47F7521C765599008B274F /* CData.app */;
			productType = "com.apple.product-type.application";
		};
/* End PBXNativeTarget section */

/* Begin PBXProject section */
		DA47F74A1C765598008B274F /* Project object */ = {
			isa = PBXProject;
			attributes = {
				LastSwiftUpdateCheck = 0720;
				LastUpgradeCheck = 0720;
				ORGANIZATIONNAME = jhampac;
				TargetAttributes = {
					DA47F7511C765598008B274F = {
						CreatedOnToolsVersion = 7.2.1;
						DevelopmentTeam = W47B9DA9HK;
					};
				};
			};
			buildConfigurationList = DA47F74D1C765598008B274F /* Build configuration list for PBXProject "CData" */;
			compatibilityVersion = "Xcode 3.2";
			developmentRegion = English;
			hasScannedForEncodings = 0;
			knownRegions = (
				en,
				Base,
			);
			mainGroup = DA47F7491C765598008B274F;
			productRefGroup = DA47F7531C765599008B274F /* Products */;
			projectDirPath = "";
			projectRoot = "";
			targets = (
				DA47F7511C765598008B274F /* CData */,
			);
		};
/* End PBXProject section */

/* Begin PBXResourcesBuildPhase section */
		DA47F7501C765598008B274F /* Resources */ = {
			isa = PBXResourcesBuildPhase;
			buildActionMask = 2147483647;
			files = (
				DA47F7621C765599008B274F /* LaunchScreen.storyboard in Resources */,
				DA47F75F1C765599008B274F /* Assets.xcassets in Resources */,
				DA47F75D1C765599008B274F /* Main.storyboard in Resources */,
			);
			runOnlyForDeploymentPostprocessing = 0;
		};
/* End PBXResourcesBuildPhase section */

/* Begin PBXSourcesBuildPhase section */
		DA47F74E1C765598008B274F /* Sources */ = {
			isa = PBXSourcesBuildPhase;
			buildActionMask = 2147483647;
			files = (
				DA1B33131C7E6C4A0013237B /* Author+CoreDataProperties.swift in Sources */,
				DA47F75A1C765599008B274F /* DetailViewController.swift in Sources */,
				DA47F7581C765599008B274F /* MasterViewController.swift in Sources */,
				DA1B33141C7E6C4A0013237B /* Author.swift in Sources */,
				DAAAF1D61C77C3E400EC98CF /* Commit.swift in Sources */,
				DA47F7561C765599008B274F /* AppDelegate.swift in Sources */,
				DA47F78E1C767492008B274F /* CData.xcdatamodeld in Sources */,
				DAAAF1D51C77C3E400EC98CF /* Commit+CoreDataProperties.swift in Sources */,
				DA47F76A1C765648008B274F /* SwiftyJSON.swift in Sources */,
			);
			runOnlyForDeploymentPostprocessing = 0;
		};
/* End PBXSourcesBuildPhase section */

/* Begin PBXVariantGroup section */
		DA47F75B1C765599008B274F /* Main.storyboard */ = {
			isa = PBXVariantGroup;
			children = (
				DA47F75C1C765599008B274F /* Base */,
			);
			name = Main.storyboard;
			sourceTree = "<group>";
		};
		DA47F7601C765599008B274F /* LaunchScreen.storyboard */ = {
			isa = PBXVariantGroup;
			children = (
				DA47F7611C765599008B274F /* Base */,
			);
			name = LaunchScreen.storyboard;
			sourceTree = "<group>";
		};
/* End PBXVariantGroup section */

/* Begin XCBuildConfiguration section */
		DA47F7641C765599008B274F /* Debug */ = {
			isa = XCBuildConfiguration;
			buildSettings = {
				ALWAYS_SEARCH_USER_PATHS = NO;
				CLANG_CXX_LANGUAGE_STANDARD = "gnu++0x";
				CLANG_CXX_LIBRARY = "libc++";
				CLANG_ENABLE_MODULES = YES;
				CLANG_ENABLE_OBJC_ARC = YES;
				CLANG_WARN_BOOL_CONVERSION = YES;
				CLANG_WARN_CONSTANT_CONVERSION = YES;
				CLANG_WARN_DIRECT_OBJC_ISA_USAGE = YES_ERROR;
				CLANG_WARN_EMPTY_BODY = YES;
				CLANG_WARN_ENUM_CONVERSION = YES;
				CLANG_WARN_INT_CONVERSION = YES;
				CLANG_WARN_OBJC_ROOT_CLASS = YES_ERROR;
				CLANG_WARN_UNREACHABLE_CODE = YES;
				CLANG_WARN__DUPLICATE_METHOD_MATCH = YES;
				"CODE_SIGN_IDENTITY[sdk=iphoneos*]" = "iPhone Developer";
				COPY_PHASE_STRIP = NO;
				DEBUG_INFORMATION_FORMAT = dwarf;
				ENABLE_STRICT_OBJC_MSGSEND = YES;
				ENABLE_TESTABILITY = YES;
				GCC_C_LANGUAGE_STANDARD = gnu99;
				GCC_DYNAMIC_NO_PIC = NO;
				GCC_NO_COMMON_BLOCKS = YES;
				GCC_OPTIMIZATION_LEVEL = 0;
				GCC_PREPROCESSOR_DEFINITIONS = (
					"DEBUG=1",
					"$(inherited)",
				);
				GCC_WARN_64_TO_32_BIT_CONVERSION = YES;
				GCC_WARN_ABOUT_RETURN_TYPE = YES_ERROR;
				GCC_WARN_UNDECLARED_SELECTOR = YES;
				GCC_WARN_UNINITIALIZED_AUTOS = YES_AGGRESSIVE;
				GCC_WARN_UNUSED_FUNCTION = YES;
				GCC_WARN_UNUSED_VARIABLE = YES;
				IPHONEOS_DEPLOYMENT_TARGET = 9.2;
				MTL_ENABLE_DEBUG_INFO = YES;
				ONLY_ACTIVE_ARCH = YES;
				SDKROOT = iphoneos;
				SWIFT_OPTIMIZATION_LEVEL = "-Onone";
				TARGETED_DEVICE_FAMILY = "1,2";
			};
			name = Debug;
		};
		DA47F7651C765599008B274F /* Release */ = {
			isa = XCBuildConfiguration;
			buildSettings = {
				ALWAYS_SEARCH_USER_PATHS = NO;
				CLANG_CXX_LANGUAGE_STANDARD = "gnu++0x";
				CLANG_CXX_LIBRARY = "libc++";
				CLANG_ENABLE_MODULES = YES;
				CLANG_ENABLE_OBJC_ARC = YES;
				CLANG_WARN_BOOL_CONVERSION = YES;
				CLANG_WARN_CONSTANT_CONVERSION = YES;
				CLANG_WARN_DIRECT_OBJC_ISA_USAGE = YES_ERROR;
				CLANG_WARN_EMPTY_BODY = YES;
				CLANG_WARN_ENUM_CONVERSION = YES;
				CLANG_WARN_INT_CONVERSION = YES;
				CLANG_WARN_OBJC_ROOT_CLASS = YES_ERROR;
				CLANG_WARN_UNREACHABLE_CODE = YES;
				CLANG_WARN__DUPLICATE_METHOD_MATCH = YES;
				"CODE_SIGN_IDENTITY[sdk=iphoneos*]" = "iPhone Developer";
				COPY_PHASE_STRIP = NO;
				DEBUG_INFORMATION_FORMAT = "dwarf-with-dsym";
				ENABLE_NS_ASSERTIONS = NO;
				ENABLE_STRICT_OBJC_MSGSEND = YES;
				GCC_C_LANGUAGE_STANDARD = gnu99;
				GCC_NO_COMMON_BLOCKS = YES;
				GCC_WARN_64_TO_32_BIT_CONVERSION = YES;
				GCC_WARN_ABOUT_RETURN_TYPE = YES_ERROR;
				GCC_WARN_UNDECLARED_SELECTOR = YES;
				GCC_WARN_UNINITIALIZED_AUTOS = YES_AGGRESSIVE;
				GCC_WARN_UNUSED_FUNCTION = YES;
				GCC_WARN_UNUSED_VARIABLE = YES;
				IPHONEOS_DEPLOYMENT_TARGET = 9.2;
				MTL_ENABLE_DEBUG_INFO = NO;
				SDKROOT = iphoneos;
				TARGETED_DEVICE_FAMILY = "1,2";
				VALIDATE_PRODUCT = YES;
			};
			name = Release;
		};
		DA47F7671C765599008B274F /* Debug */ = {
			isa = XCBuildConfiguration;
			buildSettings = {
				ASSETCATALOG_COMPILER_APPICON_NAME = AppIcon;
				INFOPLIST_FILE = CData/Info.plist;
				LD_RUNPATH_SEARCH_PATHS = "$(inherited) @executable_path/Frameworks";
				PRODUCT_BUNDLE_IDENTIFIER = com.jhmpac.CData;
				PRODUCT_NAME = "$(TARGET_NAME)";
			};
			name = Debug;
		};
		DA47F7681C765599008B274F /* Release */ = {
			isa = XCBuildConfiguration;
			buildSettings = {
				ASSETCATALOG_COMPILER_APPICON_NAME = AppIcon;
				INFOPLIST_FILE = CData/Info.plist;
				LD_RUNPATH_SEARCH_PATHS = "$(inherited) @executable_path/Frameworks";
				PRODUCT_BUNDLE_IDENTIFIER = com.jhmpac.CData;
				PRODUCT_NAME = "$(TARGET_NAME)";
			};
			name = Release;
		};
/* End XCBuildConfiguration section */

/* Begin XCConfigurationList section */
		DA47F74D1C765598008B274F /* Build configuration list for PBXProject "CData" */ = {
			isa = XCConfigurationList;
			buildConfigurations = (
				DA47F7641C765599008B274F /* Debug */,
				DA47F7651C765599008B274F /* Release */,
			);
			defaultConfigurationIsVisible = 0;
			defaultConfigurationName = Release;
		};
		DA47F7661C765599008B274F /* Build configuration list for PBXNativeTarget "CData" */ = {
			isa = XCConfigurationList;
			buildConfigurations = (
				DA47F7671C765599008B274F /* Debug */,
				DA47F7681C765599008B274F /* Release */,
			);
			defaultConfigurationIsVisible = 0;
			defaultConfigurationName = Release;
		};
/* End XCConfigurationList section */

/* Begin XCVersionGroup section */
		DA47F78C1C767492008B274F /* CData.xcdatamodeld */ = {
			isa = XCVersionGroup;
			children = (
				DA47F78D1C767492008B274F /* CData.xcdatamodel */,
			);
			currentVersion = DA47F78D1C767492008B274F /* CData.xcdatamodel */;
			path = CData.xcdatamodeld;
			sourceTree = "<group>";
			versionGroupType = wrapper.xcdatamodel;
		};
/* End XCVersionGroup section */
	};
	rootObject = DA47F74A1C765598008B274F /* Project object */;
}
